
Microsoft Visual Studio Solution File, Format Version 12.00
# Visual Studio Version 17
VisualStudioVersion = 17.9.34723.18
MinimumVisualStudioVersion = 10.0.40219.1
Project("{2150E333-8FDC-42A3-9474-1A3956D46DE8}") = "FrontEnd", "FrontEnd", "{A68A915F-6634-44FD-B860-BDA037EA5D6C}"
EndProject
Project("{2150E333-8FDC-42A3-9474-1A3956D46DE8}") = "Gateway", "Gateway", "{8025CFD2-3C0C-4A33-8409-29A58D27A981}"
EndProject
Project("{2150E333-8FDC-42A3-9474-1A3956D46DE8}") = "Integration", "Integration", "{DEC73C47-47A3-41B7-A8ED-C86CB64AB4E8}"
EndProject
Project("{2150E333-8FDC-42A3-9474-1A3956D46DE8}") = "Services", "Services", "{DC4DB55D-5B27-414D-905D-45B958C350A5}"
EndProject
Project("{9A19103F-16F7-4668-BE54-9A1E7A4F7556}") = "Mango.Services.CouponAPI", "Mango.Services.CouponAPI\Mango.Services.CouponAPI.csproj", "{E3371F8A-B8E8-46F9-81A0-DC0A1743CE76}"
EndProject
Project("{9A19103F-16F7-4668-BE54-9A1E7A4F7556}") = "Mango.Web", "Mango.Web\Mango.Web.csproj", "{1306FACB-203F-43B0-99C8-148101B0C76A}"
EndProject
Project("{9A19103F-16F7-4668-BE54-9A1E7A4F7556}") = "Mango.Services.AuthAPI", "Mango.Services.AuthAPI\Mango.Services.AuthAPI.csproj", "{03C65831-C2AD-47FB-96F9-CCCF1F585F8C}"
EndProject
Project("{9A19103F-16F7-4668-BE54-9A1E7A4F7556}") = "Mango.Services.ProductAPI", "Mango.Services.ProductAPI\Mango.Services.ProductAPI.csproj", "{27521AD8-5C9C-4D57-9E29-0B1FD4966B00}"
EndProject
Project("{FAE04EC0-301F-11D3-BF4B-00C04F79EFBC}") = "Mango.Services.ShoppingCartAPI", "Mango.Services.ShoppingCartAPI\Mango.Services.ShoppingCartAPI.csproj", "{5C3D0BEC-B773-4F10-AC53-F840C4E83347}"
EndProject
Global
	GlobalSection(SolutionConfigurationPlatforms) = preSolution
		Debug|Any CPU = Debug|Any CPU
		Release|Any CPU = Release|Any CPU
	EndGlobalSection
	GlobalSection(ProjectConfigurationPlatforms) = postSolution
		{E3371F8A-B8E8-46F9-81A0-DC0A1743CE76}.Debug|Any CPU.ActiveCfg = Debug|Any CPU
		{E3371F8A-B8E8-46F9-81A0-DC0A1743CE76}.Debug|Any CPU.Build.0 = Debug|Any CPU
		{E3371F8A-B8E8-46F9-81A0-DC0A1743CE76}.Release|Any CPU.ActiveCfg = Release|Any CPU
		{E3371F8A-B8E8-46F9-81A0-DC0A1743CE76}.Release|Any CPU.Build.0 = Release|Any CPU
		{1306FACB-203F-43B0-99C8-148101B0C76A}.Debug|Any CPU.ActiveCfg = Debug|Any CPU
		{1306FACB-203F-43B0-99C8-148101B0C76A}.Debug|Any CPU.Build.0 = Debug|Any CPU
		{1306FACB-203F-43B0-99C8-148101B0C76A}.Release|Any CPU.ActiveCfg = Release|Any CPU
		{1306FACB-203F-43B0-99C8-148101B0C76A}.Release|Any CPU.Build.0 = Release|Any CPU
		{03C65831-C2AD-47FB-96F9-CCCF1F585F8C}.Debug|Any CPU.ActiveCfg = Debug|Any CPU
		{03C65831-C2AD-47FB-96F9-CCCF1F585F8C}.Debug|Any CPU.Build.0 = Debug|Any CPU
		{03C65831-C2AD-47FB-96F9-CCCF1F585F8C}.Release|Any CPU.ActiveCfg = Release|Any CPU
		{03C65831-C2AD-47FB-96F9-CCCF1F585F8C}.Release|Any CPU.Build.0 = Release|Any CPU
		{27521AD8-5C9C-4D57-9E29-0B1FD4966B00}.Debug|Any CPU.ActiveCfg = Debug|Any CPU
		{27521AD8-5C9C-4D57-9E29-0B1FD4966B00}.Debug|Any CPU.Build.0 = Debug|Any CPU
		{27521AD8-5C9C-4D57-9E29-0B1FD4966B00}.Release|Any CPU.ActiveCfg = Release|Any CPU
		{27521AD8-5C9C-4D57-9E29-0B1FD4966B00}.Release|Any CPU.Build.0 = Release|Any CPU
		{5C3D0BEC-B773-4F10-AC53-F840C4E83347}.Debug|Any CPU.ActiveCfg = Debug|Any CPU
		{5C3D0BEC-B773-4F10-AC53-F840C4E83347}.Debug|Any CPU.Build.0 = Debug|Any CPU
		{5C3D0BEC-B773-4F10-AC53-F840C4E83347}.Release|Any CPU.ActiveCfg = Release|Any CPU
		{5C3D0BEC-B773-4F10-AC53-F840C4E83347}.Release|Any CPU.Build.0 = Release|Any CPU
	EndGlobalSection
	GlobalSection(SolutionProperties) = preSolution
		HideSolutionNode = FALSE
	EndGlobalSection
	GlobalSection(NestedProjects) = preSolution
		{E3371F8A-B8E8-46F9-81A0-DC0A1743CE76} = {DC4DB55D-5B27-414D-905D-45B958C350A5}
		{1306FACB-203F-43B0-99C8-148101B0C76A} = {A68A915F-6634-44FD-B860-BDA037EA5D6C}
		{03C65831-C2AD-47FB-96F9-CCCF1F585F8C} = {DC4DB55D-5B27-414D-905D-45B958C350A5}
		{27521AD8-5C9C-4D57-9E29-0B1FD4966B00} = {DC4DB55D-5B27-414D-905D-45B958C350A5}
		{5C3D0BEC-B773-4F10-AC53-F840C4E83347} = {DC4DB55D-5B27-414D-905D-45B958C350A5}
	EndGlobalSection
	GlobalSection(ExtensibilityGlobals) = postSolution
		SolutionGuid = {241D0969-FD64-4B1B-9F7D-8A6B20858EE7}
	EndGlobalSection
EndGlobal
